
Microsoft Visual Studio Solution File, Format Version 12.00
Project("{FAE04EC0-301F-11D3-BF4B-00C04F79EFBC}") = "Domain", "Domain\Domain.csproj", "{F96FD0A9-913B-4349-A53C-B757FE14F87A}"
EndProject
Global
	GlobalSection(SolutionConfigurationPlatforms) = preSolution
		Debug|Any CPU = Debug|Any CPU
		Release|Any CPU = Release|Any CPU
	EndGlobalSection
	GlobalSection(ProjectConfigurationPlatforms) = postSolution
		{F96FD0A9-913B-4349-A53C-B757FE14F87A}.Debug|Any CPU.ActiveCfg = Debug|Any CPU
		{F96FD0A9-913B-4349-A53C-B757FE14F87A}.Debug|Any CPU.Build.0 = Debug|Any CPU
		{F96FD0A9-913B-4349-A53C-B757FE14F87A}.Release|Any CPU.ActiveCfg = Release|Any CPU
		{F96FD0A9-913B-4349-A53C-B757FE14F87A}.Release|Any CPU.Build.0 = Release|Any CPU
	EndGlobalSection
EndGlobal
